// !$*UTF8*$!
{
	archiveVersion = 1;
	classes = {
	};
	objectVersion = 55;
	objects = {

/* Begin PBXBuildFile section */
		E512A7B8285841980092F3F4 /* AppDelegate.swift in Sources */ = {isa = PBXBuildFile; fileRef = E512A7B7285841980092F3F4 /* AppDelegate.swift */; };
		E512A7BA285841980092F3F4 /* SceneDelegate.swift in Sources */ = {isa = PBXBuildFile; fileRef = E512A7B9285841980092F3F4 /* SceneDelegate.swift */; };
		E512A7BC285841980092F3F4 /* ViewController.swift in Sources */ = {isa = PBXBuildFile; fileRef = E512A7BB285841980092F3F4 /* ViewController.swift */; };
		E512A7C12858419A0092F3F4 /* Assets.xcassets in Resources */ = {isa = PBXBuildFile; fileRef = E512A7C02858419A0092F3F4 /* Assets.xcassets */; };
		E512A7C42858419A0092F3F4 /* LaunchScreen.storyboard in Resources */ = {isa = PBXBuildFile; fileRef = E512A7C22858419A0092F3F4 /* LaunchScreen.storyboard */; };
		E512A7CF2858419A0092F3F4 /* TwitterTests.swift in Sources */ = {isa = PBXBuildFile; fileRef = E512A7CE2858419A0092F3F4 /* TwitterTests.swift */; };
		E512A7D92858419A0092F3F4 /* TwitterUITests.swift in Sources */ = {isa = PBXBuildFile; fileRef = E512A7D82858419A0092F3F4 /* TwitterUITests.swift */; };
		E512A7DB2858419A0092F3F4 /* TwitterUITestsLaunchTests.swift in Sources */ = {isa = PBXBuildFile; fileRef = E512A7DA2858419A0092F3F4 /* TwitterUITestsLaunchTests.swift */; };
		E512A7E9285841E70092F3F4 /* SnapKit in Frameworks */ = {isa = PBXBuildFile; productRef = E512A7E8285841E70092F3F4 /* SnapKit */; };
		E512A7EB285845170092F3F4 /* Tweet.swift in Sources */ = {isa = PBXBuildFile; fileRef = E512A7EA285845170092F3F4 /* Tweet.swift */; };
		E512A7EE2858452B0092F3F4 /* User.swift in Sources */ = {isa = PBXBuildFile; fileRef = E512A7ED2858452B0092F3F4 /* User.swift */; };
		E512A7F1285846BA0092F3F4 /* UserDefaultsManager.swift in Sources */ = {isa = PBXBuildFile; fileRef = E512A7F0285846BA0092F3F4 /* UserDefaultsManager.swift */; };
/* End PBXBuildFile section */

/* Begin PBXContainerItemProxy section */
		E512A7CB2858419A0092F3F4 /* PBXContainerItemProxy */ = {
			isa = PBXContainerItemProxy;
			containerPortal = E512A7AC285841980092F3F4 /* Project object */;
			proxyType = 1;
			remoteGlobalIDString = E512A7B3285841980092F3F4;
			remoteInfo = Twitter;
		};
		E512A7D52858419A0092F3F4 /* PBXContainerItemProxy */ = {
			isa = PBXContainerItemProxy;
			containerPortal = E512A7AC285841980092F3F4 /* Project object */;
			proxyType = 1;
			remoteGlobalIDString = E512A7B3285841980092F3F4;
			remoteInfo = Twitter;
		};
/* End PBXContainerItemProxy section */

/* Begin PBXFileReference section */
		E512A7B4285841980092F3F4 /* Twitter.app */ = {isa = PBXFileReference; explicitFileType = wrapper.application; includeInIndex = 0; path = Twitter.app; sourceTree = BUILT_PRODUCTS_DIR; };
		E512A7B7285841980092F3F4 /* AppDelegate.swift */ = {isa = PBXFileReference; lastKnownFileType = sourcecode.swift; path = AppDelegate.swift; sourceTree = "<group>"; };
		E512A7B9285841980092F3F4 /* SceneDelegate.swift */ = {isa = PBXFileReference; lastKnownFileType = sourcecode.swift; path = SceneDelegate.swift; sourceTree = "<group>"; };
		E512A7BB285841980092F3F4 /* ViewController.swift */ = {isa = PBXFileReference; lastKnownFileType = sourcecode.swift; path = ViewController.swift; sourceTree = "<group>"; };
		E512A7C02858419A0092F3F4 /* Assets.xcassets */ = {isa = PBXFileReference; lastKnownFileType = folder.assetcatalog; path = Assets.xcassets; sourceTree = "<group>"; };
		E512A7C32858419A0092F3F4 /* Base */ = {isa = PBXFileReference; lastKnownFileType = file.storyboard; name = Base; path = Base.lproj/LaunchScreen.storyboard; sourceTree = "<group>"; };
		E512A7C52858419A0092F3F4 /* Info.plist */ = {isa = PBXFileReference; lastKnownFileType = text.plist.xml; path = Info.plist; sourceTree = "<group>"; };
		E512A7CA2858419A0092F3F4 /* TwitterTests.xctest */ = {isa = PBXFileReference; explicitFileType = wrapper.cfbundle; includeInIndex = 0; path = TwitterTests.xctest; sourceTree = BUILT_PRODUCTS_DIR; };
		E512A7CE2858419A0092F3F4 /* TwitterTests.swift */ = {isa = PBXFileReference; lastKnownFileType = sourcecode.swift; path = TwitterTests.swift; sourceTree = "<group>"; };
		E512A7D42858419A0092F3F4 /* TwitterUITests.xctest */ = {isa = PBXFileReference; explicitFileType = wrapper.cfbundle; includeInIndex = 0; path = TwitterUITests.xctest; sourceTree = BUILT_PRODUCTS_DIR; };
		E512A7D82858419A0092F3F4 /* TwitterUITests.swift */ = {isa = PBXFileReference; lastKnownFileType = sourcecode.swift; path = TwitterUITests.swift; sourceTree = "<group>"; };
		E512A7DA2858419A0092F3F4 /* TwitterUITestsLaunchTests.swift */ = {isa = PBXFileReference; lastKnownFileType = sourcecode.swift; path = TwitterUITestsLaunchTests.swift; sourceTree = "<group>"; };
		E512A7EA285845170092F3F4 /* Tweet.swift */ = {isa = PBXFileReference; lastKnownFileType = sourcecode.swift; path = Tweet.swift; sourceTree = "<group>"; };
		E512A7ED2858452B0092F3F4 /* User.swift */ = {isa = PBXFileReference; lastKnownFileType = sourcecode.swift; path = User.swift; sourceTree = "<group>"; };
		E512A7F0285846BA0092F3F4 /* UserDefaultsManager.swift */ = {isa = PBXFileReference; lastKnownFileType = sourcecode.swift; path = UserDefaultsManager.swift; sourceTree = "<group>"; };
/* End PBXFileReference section */

/* Begin PBXFrameworksBuildPhase section */
		E512A7B1285841980092F3F4 /* Frameworks */ = {
			isa = PBXFrameworksBuildPhase;
			buildActionMask = 2147483647;
			files = (
				E512A7E9285841E70092F3F4 /* SnapKit in Frameworks */,
			);
			runOnlyForDeploymentPostprocessing = 0;
		};
		E512A7C72858419A0092F3F4 /* Frameworks */ = {
			isa = PBXFrameworksBuildPhase;
			buildActionMask = 2147483647;
			files = (
			);
			runOnlyForDeploymentPostprocessing = 0;
		};
		E512A7D12858419A0092F3F4 /* Frameworks */ = {
			isa = PBXFrameworksBuildPhase;
			buildActionMask = 2147483647;
			files = (
			);
			runOnlyForDeploymentPostprocessing = 0;
		};
/* End PBXFrameworksBuildPhase section */

/* Begin PBXGroup section */
		E512A7AB285841980092F3F4 = {
			isa = PBXGroup;
			children = (
				E512A7B6285841980092F3F4 /* Twitter */,
				E512A7CD2858419A0092F3F4 /* TwitterTests */,
				E512A7D72858419A0092F3F4 /* TwitterUITests */,
				E512A7B5285841980092F3F4 /* Products */,
			);
			sourceTree = "<group>";
		};
		E512A7B5285841980092F3F4 /* Products */ = {
			isa = PBXGroup;
			children = (
				E512A7B4285841980092F3F4 /* Twitter.app */,
				E512A7CA2858419A0092F3F4 /* TwitterTests.xctest */,
				E512A7D42858419A0092F3F4 /* TwitterUITests.xctest */,
			);
			name = Products;
			sourceTree = "<group>";
		};
		E512A7B6285841980092F3F4 /* Twitter */ = {
			isa = PBXGroup;
			children = (
				E512A7B7285841980092F3F4 /* AppDelegate.swift */,
				E512A7B9285841980092F3F4 /* SceneDelegate.swift */,
				E512A7F2285846C80092F3F4 /* Managers */,
				E512A7EC2858451F0092F3F4 /* Models */,
				E512A7EF2858452F0092F3F4 /* Scenes */,
				E512A7C02858419A0092F3F4 /* Assets.xcassets */,
				E512A7C22858419A0092F3F4 /* LaunchScreen.storyboard */,
				E512A7C52858419A0092F3F4 /* Info.plist */,
			);
			path = Twitter;
			sourceTree = "<group>";
		};
		E512A7CD2858419A0092F3F4 /* TwitterTests */ = {
			isa = PBXGroup;
			children = (
				E512A7CE2858419A0092F3F4 /* TwitterTests.swift */,
			);
			path = TwitterTests;
			sourceTree = "<group>";
		};
		E512A7D72858419A0092F3F4 /* TwitterUITests */ = {
			isa = PBXGroup;
			children = (
				E512A7D82858419A0092F3F4 /* TwitterUITests.swift */,
				E512A7DA2858419A0092F3F4 /* TwitterUITestsLaunchTests.swift */,
			);
			path = TwitterUITests;
			sourceTree = "<group>";
		};
		E512A7EC2858451F0092F3F4 /* Models */ = {
			isa = PBXGroup;
			children = (
				E512A7EA285845170092F3F4 /* Tweet.swift */,
				E512A7ED2858452B0092F3F4 /* User.swift */,
			);
			path = Models;
			sourceTree = "<group>";
		};
		E512A7EF2858452F0092F3F4 /* Scenes */ = {
			isa = PBXGroup;
			children = (
				E512A7BB285841980092F3F4 /* ViewController.swift */,
			);
			name = Scenes;
			sourceTree = "<group>";
		};
		E512A7F2285846C80092F3F4 /* Managers */ = {
			isa = PBXGroup;
			children = (
				E512A7F0285846BA0092F3F4 /* UserDefaultsManager.swift */,
			);
			path = Managers;
			sourceTree = "<group>";
		};
/* End PBXGroup section */

/* Begin PBXNativeTarget section */
		E512A7B3285841980092F3F4 /* Twitter */ = {
			isa = PBXNativeTarget;
			buildConfigurationList = E512A7DE2858419A0092F3F4 /* Build configuration list for PBXNativeTarget "Twitter" */;
			buildPhases = (
				E512A7B0285841980092F3F4 /* Sources */,
				E512A7B1285841980092F3F4 /* Frameworks */,
				E512A7B2285841980092F3F4 /* Resources */,
			);
			buildRules = (
			);
			dependencies = (
			);
			name = Twitter;
			packageProductDependencies = (
				E512A7E8285841E70092F3F4 /* SnapKit */,
			);
			productName = Twitter;
			productReference = E512A7B4285841980092F3F4 /* Twitter.app */;
			productType = "com.apple.product-type.application";
		};
		E512A7C92858419A0092F3F4 /* TwitterTests */ = {
			isa = PBXNativeTarget;
			buildConfigurationList = E512A7E12858419A0092F3F4 /* Build configuration list for PBXNativeTarget "TwitterTests" */;
			buildPhases = (
				E512A7C62858419A0092F3F4 /* Sources */,
				E512A7C72858419A0092F3F4 /* Frameworks */,
				E512A7C82858419A0092F3F4 /* Resources */,
			);
			buildRules = (
			);
			dependencies = (
				E512A7CC2858419A0092F3F4 /* PBXTargetDependency */,
			);
			name = TwitterTests;
			productName = TwitterTests;
			productReference = E512A7CA2858419A0092F3F4 /* TwitterTests.xctest */;
			productType = "com.apple.product-type.bundle.unit-test";
		};
		E512A7D32858419A0092F3F4 /* TwitterUITests */ = {
			isa = PBXNativeTarget;
			buildConfigurationList = E512A7E42858419A0092F3F4 /* Build configuration list for PBXNativeTarget "TwitterUITests" */;
			buildPhases = (
				E512A7D02858419A0092F3F4 /* Sources */,
				E512A7D12858419A0092F3F4 /* Frameworks */,
				E512A7D22858419A0092F3F4 /* Resources */,
			);
			buildRules = (
			);
			dependencies = (
				E512A7D62858419A0092F3F4 /* PBXTargetDependency */,
			);
			name = TwitterUITests;
			productName = TwitterUITests;
			productReference = E512A7D42858419A0092F3F4 /* TwitterUITests.xctest */;
			productType = "com.apple.product-type.bundle.ui-testing";
		};
/* End PBXNativeTarget section */

/* Begin PBXProject section */
		E512A7AC285841980092F3F4 /* Project object */ = {
			isa = PBXProject;
			attributes = {
				BuildIndependentTargetsInParallel = 1;
				LastSwiftUpdateCheck = 1340;
				LastUpgradeCheck = 1340;
				TargetAttributes = {
					E512A7B3285841980092F3F4 = {
						CreatedOnToolsVersion = 13.4.1;
					};
					E512A7C92858419A0092F3F4 = {
						CreatedOnToolsVersion = 13.4.1;
						TestTargetID = E512A7B3285841980092F3F4;
					};
					E512A7D32858419A0092F3F4 = {
						CreatedOnToolsVersion = 13.4.1;
						TestTargetID = E512A7B3285841980092F3F4;
					};
				};
			};
			buildConfigurationList = E512A7AF285841980092F3F4 /* Build configuration list for PBXProject "Twitter" */;
			compatibilityVersion = "Xcode 13.0";
			developmentRegion = en;
			hasScannedForEncodings = 0;
			knownRegions = (
				en,
				Base,
			);
			mainGroup = E512A7AB285841980092F3F4;
			packageReferences = (
				E512A7E7285841E70092F3F4 /* XCRemoteSwiftPackageReference "SnapKit" */,
			);
			productRefGroup = E512A7B5285841980092F3F4 /* Products */;
			projectDirPath = "";
			projectRoot = "";
			targets = (
				E512A7B3285841980092F3F4 /* Twitter */,
				E512A7C92858419A0092F3F4 /* TwitterTests */,
				E512A7D32858419A0092F3F4 /* TwitterUITests */,
			);
		};
/* End PBXProject section */

/* Begin PBXResourcesBuildPhase section */
		E512A7B2285841980092F3F4 /* Resources */ = {
			isa = PBXResourcesBuildPhase;
			buildActionMask = 2147483647;
			files = (
				E512A7C42858419A0092F3F4 /* LaunchScreen.storyboard in Resources */,
				E512A7C12858419A0092F3F4 /* Assets.xcassets in Resources */,
			);
			runOnlyForDeploymentPostprocessing = 0;
		};
		E512A7C82858419A0092F3F4 /* Resources */ = {
			isa = PBXResourcesBuildPhase;
			buildActionMask = 2147483647;
			files = (
			);
			runOnlyForDeploymentPostprocessing = 0;
		};
		E512A7D22858419A0092F3F4 /* Resources */ = {
			isa = PBXResourcesBuildPhase;
			buildActionMask = 2147483647;
			files = (
			);
			runOnlyForDeploymentPostprocessing = 0;
		};
/* End PBXResourcesBuildPhase section */

/* Begin PBXSourcesBuildPhase section */
		E512A7B0285841980092F3F4 /* Sources */ = {
			isa = PBXSourcesBuildPhase;
			buildActionMask = 2147483647;
			files = (
				E512A7BC285841980092F3F4 /* ViewController.swift in Sources */,
				E512A7B8285841980092F3F4 /* AppDelegate.swift in Sources */,
				E512A7F1285846BA0092F3F4 /* UserDefaultsManager.swift in Sources */,
				E512A7BA285841980092F3F4 /* SceneDelegate.swift in Sources */,
				E512A7EE2858452B0092F3F4 /* User.swift in Sources */,
				E512A7EB285845170092F3F4 /* Tweet.swift in Sources */,
			);
			runOnlyForDeploymentPostprocessing = 0;
		};
		E512A7C62858419A0092F3F4 /* Sources */ = {
			isa = PBXSourcesBuildPhase;
			buildActionMask = 2147483647;
			files = (
				E512A7CF2858419A0092F3F4 /* TwitterTests.swift in Sources */,
			);
			runOnlyForDeploymentPostprocessing = 0;
		};
		E512A7D02858419A0092F3F4 /* Sources */ = {
			isa = PBXSourcesBuildPhase;
			buildActionMask = 2147483647;
			files = (
				E512A7DB2858419A0092F3F4 /* TwitterUITestsLaunchTests.swift in Sources */,
				E512A7D92858419A0092F3F4 /* TwitterUITests.swift in Sources */,
			);
			runOnlyForDeploymentPostprocessing = 0;
		};
/* End PBXSourcesBuildPhase section */

/* Begin PBXTargetDependency section */
		E512A7CC2858419A0092F3F4 /* PBXTargetDependency */ = {
			isa = PBXTargetDependency;
			target = E512A7B3285841980092F3F4 /* Twitter */;
			targetProxy = E512A7CB2858419A0092F3F4 /* PBXContainerItemProxy */;
		};
		E512A7D62858419A0092F3F4 /* PBXTargetDependency */ = {
			isa = PBXTargetDependency;
			target = E512A7B3285841980092F3F4 /* Twitter */;
			targetProxy = E512A7D52858419A0092F3F4 /* PBXContainerItemProxy */;
		};
/* End PBXTargetDependency section */

/* Begin PBXVariantGroup section */
		E512A7C22858419A0092F3F4 /* LaunchScreen.storyboard */ = {
			isa = PBXVariantGroup;
			children = (
				E512A7C32858419A0092F3F4 /* Base */,
			);
			name = LaunchScreen.storyboard;
			sourceTree = "<group>";
		};
/* End PBXVariantGroup section */

/* Begin XCBuildConfiguration section */
		E512A7DC2858419A0092F3F4 /* Debug */ = {
			isa = XCBuildConfiguration;
			buildSettings = {
				ALWAYS_SEARCH_USER_PATHS = NO;
				CLANG_ANALYZER_NONNULL = YES;
				CLANG_ANALYZER_NUMBER_OBJECT_CONVERSION = YES_AGGRESSIVE;
				CLANG_CXX_LANGUAGE_STANDARD = "gnu++17";
				CLANG_ENABLE_MODULES = YES;
				CLANG_ENABLE_OBJC_ARC = YES;
				CLANG_ENABLE_OBJC_WEAK = YES;
				CLANG_WARN_BLOCK_CAPTURE_AUTORELEASING = YES;
				CLANG_WARN_BOOL_CONVERSION = YES;
				CLANG_WARN_COMMA = YES;
				CLANG_WARN_CONSTANT_CONVERSION = YES;
				CLANG_WARN_DEPRECATED_OBJC_IMPLEMENTATIONS = YES;
				CLANG_WARN_DIRECT_OBJC_ISA_USAGE = YES_ERROR;
				CLANG_WARN_DOCUMENTATION_COMMENTS = YES;
				CLANG_WARN_EMPTY_BODY = YES;
				CLANG_WARN_ENUM_CONVERSION = YES;
				CLANG_WARN_INFINITE_RECURSION = YES;
				CLANG_WARN_INT_CONVERSION = YES;
				CLANG_WARN_NON_LITERAL_NULL_CONVERSION = YES;
				CLANG_WARN_OBJC_IMPLICIT_RETAIN_SELF = YES;
				CLANG_WARN_OBJC_LITERAL_CONVERSION = YES;
				CLANG_WARN_OBJC_ROOT_CLASS = YES_ERROR;
				CLANG_WARN_QUOTED_INCLUDE_IN_FRAMEWORK_HEADER = YES;
				CLANG_WARN_RANGE_LOOP_ANALYSIS = YES;
				CLANG_WARN_STRICT_PROTOTYPES = YES;
				CLANG_WARN_SUSPICIOUS_MOVE = YES;
				CLANG_WARN_UNGUARDED_AVAILABILITY = YES_AGGRESSIVE;
				CLANG_WARN_UNREACHABLE_CODE = YES;
				CLANG_WARN__DUPLICATE_METHOD_MATCH = YES;
				COPY_PHASE_STRIP = NO;
				DEBUG_INFORMATION_FORMAT = dwarf;
				ENABLE_STRICT_OBJC_MSGSEND = YES;
				ENABLE_TESTABILITY = YES;
				GCC_C_LANGUAGE_STANDARD = gnu11;
				GCC_DYNAMIC_NO_PIC = NO;
				GCC_NO_COMMON_BLOCKS = YES;
				GCC_OPTIMIZATION_LEVEL = 0;
				GCC_PREPROCESSOR_DEFINITIONS = (
					"DEBUG=1",
					"$(inherited)",
				);
				GCC_WARN_64_TO_32_BIT_CONVERSION = YES;
				GCC_WARN_ABOUT_RETURN_TYPE = YES_ERROR;
				GCC_WARN_UNDECLARED_SELECTOR = YES;
				GCC_WARN_UNINITIALIZED_AUTOS = YES_AGGRESSIVE;
				GCC_WARN_UNUSED_FUNCTION = YES;
				GCC_WARN_UNUSED_VARIABLE = YES;
				IPHONEOS_DEPLOYMENT_TARGET = 15.5;
				MTL_ENABLE_DEBUG_INFO = INCLUDE_SOURCE;
				MTL_FAST_MATH = YES;
				ONLY_ACTIVE_ARCH = YES;
				SDKROOT = iphoneos;
				SWIFT_ACTIVE_COMPILATION_CONDITIONS = DEBUG;
				SWIFT_OPTIMIZATION_LEVEL = "-Onone";
			};
			name = Debug;
		};
		E512A7DD2858419A0092F3F4 /* Release */ = {
			isa = XCBuildConfiguration;
			buildSettings = {
				ALWAYS_SEARCH_USER_PATHS = NO;
				CLANG_ANALYZER_NONNULL = YES;
				CLANG_ANALYZER_NUMBER_OBJECT_CONVERSION = YES_AGGRESSIVE;
				CLANG_CXX_LANGUAGE_STANDARD = "gnu++17";
				CLANG_ENABLE_MODULES = YES;
				CLANG_ENABLE_OBJC_ARC = YES;
				CLANG_ENABLE_OBJC_WEAK = YES;
				CLANG_WARN_BLOCK_CAPTURE_AUTORELEASING = YES;
				CLANG_WARN_BOOL_CONVERSION = YES;
				CLANG_WARN_COMMA = YES;
				CLANG_WARN_CONSTANT_CONVERSION = YES;
				CLANG_WARN_DEPRECATED_OBJC_IMPLEMENTATIONS = YES;
				CLANG_WARN_DIRECT_OBJC_ISA_USAGE = YES_ERROR;
				CLANG_WARN_DOCUMENTATION_COMMENTS = YES;
				CLANG_WARN_EMPTY_BODY = YES;
				CLANG_WARN_ENUM_CONVERSION = YES;
				CLANG_WARN_INFINITE_RECURSION = YES;
				CLANG_WARN_INT_CONVERSION = YES;
				CLANG_WARN_NON_LITERAL_NULL_CONVERSION = YES;
				CLANG_WARN_OBJC_IMPLICIT_RETAIN_SELF = YES;
				CLANG_WARN_OBJC_LITERAL_CONVERSION = YES;
				CLANG_WARN_OBJC_ROOT_CLASS = YES_ERROR;
				CLANG_WARN_QUOTED_INCLUDE_IN_FRAMEWORK_HEADER = YES;
				CLANG_WARN_RANGE_LOOP_ANALYSIS = YES;
				CLANG_WARN_STRICT_PROTOTYPES = YES;
				CLANG_WARN_SUSPICIOUS_MOVE = YES;
				CLANG_WARN_UNGUARDED_AVAILABILITY = YES_AGGRESSIVE;
				CLANG_WARN_UNREACHABLE_CODE = YES;
				CLANG_WARN__DUPLICATE_METHOD_MATCH = YES;
				COPY_PHASE_STRIP = NO;
				DEBUG_INFORMATION_FORMAT = "dwarf-with-dsym";
				ENABLE_NS_ASSERTIONS = NO;
				ENABLE_STRICT_OBJC_MSGSEND = YES;
				GCC_C_LANGUAGE_STANDARD = gnu11;
				GCC_NO_COMMON_BLOCKS = YES;
				GCC_WARN_64_TO_32_BIT_CONVERSION = YES;
				GCC_WARN_ABOUT_RETURN_TYPE = YES_ERROR;
				GCC_WARN_UNDECLARED_SELECTOR = YES;
				GCC_WARN_UNINITIALIZED_AUTOS = YES_AGGRESSIVE;
				GCC_WARN_UNUSED_FUNCTION = YES;
				GCC_WARN_UNUSED_VARIABLE = YES;
				IPHONEOS_DEPLOYMENT_TARGET = 15.5;
				MTL_ENABLE_DEBUG_INFO = NO;
				MTL_FAST_MATH = YES;
				SDKROOT = iphoneos;
				SWIFT_COMPILATION_MODE = wholemodule;
				SWIFT_OPTIMIZATION_LEVEL = "-O";
				VALIDATE_PRODUCT = YES;
			};
			name = Release;
		};
		E512A7DF2858419A0092F3F4 /* Debug */ = {
			isa = XCBuildConfiguration;
			buildSettings = {
				ASSETCATALOG_COMPILER_APPICON_NAME = AppIcon;
				ASSETCATALOG_COMPILER_GLOBAL_ACCENT_COLOR_NAME = AccentColor;
				CODE_SIGN_STYLE = Automatic;
				CURRENT_PROJECT_VERSION = 1;
				DEVELOPMENT_TEAM = 5WQ6FF85SW;
				GENERATE_INFOPLIST_FILE = YES;
				INFOPLIST_FILE = Twitter/Info.plist;
				INFOPLIST_KEY_UIApplicationSupportsIndirectInputEvents = YES;
				INFOPLIST_KEY_UILaunchStoryboardName = LaunchScreen;
				INFOPLIST_KEY_UIMainStoryboardFile = "";
				INFOPLIST_KEY_UISupportedInterfaceOrientations_iPad = "UIInterfaceOrientationPortrait UIInterfaceOrientationPortraitUpsideDown UIInterfaceOrientationLandscapeLeft UIInterfaceOrientationLandscapeRight";
				INFOPLIST_KEY_UISupportedInterfaceOrientations_iPhone = "UIInterfaceOrientationPortrait UIInterfaceOrientationLandscapeLeft UIInterfaceOrientationLandscapeRight";
				LD_RUNPATH_SEARCH_PATHS = (
					"$(inherited)",
					"@executable_path/Frameworks",
				);
				MARKETING_VERSION = 1.0;
				PRODUCT_BUNDLE_IDENTIFIER = "aeron-kim.Twitter";
				PRODUCT_NAME = "$(TARGET_NAME)";
				SWIFT_EMIT_LOC_STRINGS = YES;
				SWIFT_VERSION = 5.0;
				TARGETED_DEVICE_FAMILY = 1;
			};
			name = Debug;
		};
		E512A7E02858419A0092F3F4 /* Release */ = {
			isa = XCBuildConfiguration;
			buildSettings = {
				ASSETCATALOG_COMPILER_APPICON_NAME = AppIcon;
				ASSETCATALOG_COMPILER_GLOBAL_ACCENT_COLOR_NAME = AccentColor;
				CODE_SIGN_STYLE = Automatic;
				CURRENT_PROJECT_VERSION = 1;
				DEVELOPMENT_TEAM = 5WQ6FF85SW;
				GENERATE_INFOPLIST_FILE = YES;
				INFOPLIST_FILE = Twitter/Info.plist;
				INFOPLIST_KEY_UIApplicationSupportsIndirectInputEvents = YES;
				INFOPLIST_KEY_UILaunchStoryboardName = LaunchScreen;
				INFOPLIST_KEY_UIMainStoryboardFile = "";
				INFOPLIST_KEY_UISupportedInterfaceOrientations_iPad = "UIInterfaceOrientationPortrait UIInterfaceOrientationPortraitUpsideDown UIInterfaceOrientationLandscapeLeft UIInterfaceOrientationLandscapeRight";
				INFOPLIST_KEY_UISupportedInterfaceOrientations_iPhone = "UIInterfaceOrientationPortrait UIInterfaceOrientationLandscapeLeft UIInterfaceOrientationLandscapeRight";
				LD_RUNPATH_SEARCH_PATHS = (
					"$(inherited)",
					"@executable_path/Frameworks",
				);
				MARKETING_VERSION = 1.0;
				PRODUCT_BUNDLE_IDENTIFIER = "aeron-kim.Twitter";
				PRODUCT_NAME = "$(TARGET_NAME)";
				SWIFT_EMIT_LOC_STRINGS = YES;
				SWIFT_VERSION = 5.0;
				TARGETED_DEVICE_FAMILY = 1;
			};
			name = Release;
		};
		E512A7E22858419A0092F3F4 /* Debug */ = {
			isa = XCBuildConfiguration;
			buildSettings = {
				ALWAYS_EMBED_SWIFT_STANDARD_LIBRARIES = YES;
				BUNDLE_LOADER = "$(TEST_HOST)";
				CODE_SIGN_STYLE = Automatic;
				CURRENT_PROJECT_VERSION = 1;
				DEVELOPMENT_TEAM = 5WQ6FF85SW;
				GENERATE_INFOPLIST_FILE = YES;
				IPHONEOS_DEPLOYMENT_TARGET = 15.5;
				MARKETING_VERSION = 1.0;
				PRODUCT_BUNDLE_IDENTIFIER = "aeron-kim.TwitterTests";
				PRODUCT_NAME = "$(TARGET_NAME)";
				SWIFT_EMIT_LOC_STRINGS = NO;
				SWIFT_VERSION = 5.0;
				TARGETED_DEVICE_FAMILY = "1,2";
				TEST_HOST = "$(BUILT_PRODUCTS_DIR)/Twitter.app/Twitter";
			};
			name = Debug;
		};
		E512A7E32858419A0092F3F4 /* Release */ = {
			isa = XCBuildConfiguration;
			buildSettings = {
				ALWAYS_EMBED_SWIFT_STANDARD_LIBRARIES = YES;
				BUNDLE_LOADER = "$(TEST_HOST)";
				CODE_SIGN_STYLE = Automatic;
				CURRENT_PROJECT_VERSION = 1;
				DEVELOPMENT_TEAM = 5WQ6FF85SW;
				GENERATE_INFOPLIST_FILE = YES;
				IPHONEOS_DEPLOYMENT_TARGET = 15.5;
				MARKETING_VERSION = 1.0;
				PRODUCT_BUNDLE_IDENTIFIER = "aeron-kim.TwitterTests";
				PRODUCT_NAME = "$(TARGET_NAME)";
				SWIFT_EMIT_LOC_STRINGS = NO;
				SWIFT_VERSION = 5.0;
				TARGETED_DEVICE_FAMILY = "1,2";
				TEST_HOST = "$(BUILT_PRODUCTS_DIR)/Twitter.app/Twitter";
			};
			name = Release;
		};
		E512A7E52858419A0092F3F4 /* Debug */ = {
			isa = XCBuildConfiguration;
			buildSettings = {
				ALWAYS_EMBED_SWIFT_STANDARD_LIBRARIES = YES;
				CODE_SIGN_STYLE = Automatic;
				CURRENT_PROJECT_VERSION = 1;
				DEVELOPMENT_TEAM = 5WQ6FF85SW;
				GENERATE_INFOPLIST_FILE = YES;
				MARKETING_VERSION = 1.0;
				PRODUCT_BUNDLE_IDENTIFIER = "aeron-kim.TwitterUITests";
				PRODUCT_NAME = "$(TARGET_NAME)";
				SWIFT_EMIT_LOC_STRINGS = NO;
				SWIFT_VERSION = 5.0;
				TARGETED_DEVICE_FAMILY = "1,2";
				TEST_TARGET_NAME = Twitter;
			};
			name = Debug;
		};
		E512A7E62858419A0092F3F4 /* Release */ = {
			isa = XCBuildConfiguration;
			buildSettings = {
				ALWAYS_EMBED_SWIFT_STANDARD_LIBRARIES = YES;
				CODE_SIGN_STYLE = Automatic;
				CURRENT_PROJECT_VERSION = 1;
				DEVELOPMENT_TEAM = 5WQ6FF85SW;
				GENERATE_INFOPLIST_FILE = YES;
				MARKETING_VERSION = 1.0;
				PRODUCT_BUNDLE_IDENTIFIER = "aeron-kim.TwitterUITests";
				PRODUCT_NAME = "$(TARGET_NAME)";
				SWIFT_EMIT_LOC_STRINGS = NO;
				SWIFT_VERSION = 5.0;
				TARGETED_DEVICE_FAMILY = "1,2";
				TEST_TARGET_NAME = Twitter;
			};
			name = Release;
		};
/* End XCBuildConfiguration section */

/* Begin XCConfigurationList section */
		E512A7AF285841980092F3F4 /* Build configuration list for PBXProject "Twitter" */ = {
			isa = XCConfigurationList;
			buildConfigurations = (
				E512A7DC2858419A0092F3F4 /* Debug */,
				E512A7DD2858419A0092F3F4 /* Release */,
			);
			defaultConfigurationIsVisible = 0;
			defaultConfigurationName = Release;
		};
		E512A7DE2858419A0092F3F4 /* Build configuration list for PBXNativeTarget "Twitter" */ = {
			isa = XCConfigurationList;
			buildConfigurations = (
				E512A7DF2858419A0092F3F4 /* Debug */,
				E512A7E02858419A0092F3F4 /* Release */,
			);
			defaultConfigurationIsVisible = 0;
			defaultConfigurationName = Release;
		};
		E512A7E12858419A0092F3F4 /* Build configuration list for PBXNativeTarget "TwitterTests" */ = {
			isa = XCConfigurationList;
			buildConfigurations = (
				E512A7E22858419A0092F3F4 /* Debug */,
				E512A7E32858419A0092F3F4 /* Release */,
			);
			defaultConfigurationIsVisible = 0;
			defaultConfigurationName = Release;
		};
		E512A7E42858419A0092F3F4 /* Build configuration list for PBXNativeTarget "TwitterUITests" */ = {
			isa = XCConfigurationList;
			buildConfigurations = (
				E512A7E52858419A0092F3F4 /* Debug */,
				E512A7E62858419A0092F3F4 /* Release */,
			);
			defaultConfigurationIsVisible = 0;
			defaultConfigurationName = Release;
		};
/* End XCConfigurationList section */

/* Begin XCRemoteSwiftPackageReference section */
		E512A7E7285841E70092F3F4 /* XCRemoteSwiftPackageReference "SnapKit" */ = {
			isa = XCRemoteSwiftPackageReference;
			repositoryURL = "https://github.com/SnapKit/SnapKit.git";
			requirement = {
				kind = upToNextMajorVersion;
				minimumVersion = 5.0.0;
			};
		};
/* End XCRemoteSwiftPackageReference section */

/* Begin XCSwiftPackageProductDependency section */
		E512A7E8285841E70092F3F4 /* SnapKit */ = {
			isa = XCSwiftPackageProductDependency;
			package = E512A7E7285841E70092F3F4 /* XCRemoteSwiftPackageReference "SnapKit" */;
			productName = SnapKit;
		};
/* End XCSwiftPackageProductDependency section */
	};
	rootObject = E512A7AC285841980092F3F4 /* Project object */;
}
